
Microsoft Visual Studio Solution File, Format Version 12.00
# Visual Studio Version 16
VisualStudioVersion = 16.0.31424.327
MinimumVisualStudioVersion = 10.0.40219.1
Project("{FAE04EC0-301F-11D3-BF4B-00C04F79EFBC}") = "iRSDKSharp", "iRSDKSharp\iRSDKSharp.csproj", "{6FC05534-0C0C-46C0-B720-1472AE72E6CF}"
EndProject
Project("{FAE04EC0-301F-11D3-BF4B-00C04F79EFBC}") = "TelemetryReadTest", "TelemetryReadTest\TelemetryReadTest.csproj", "{1463D2DC-3EAB-4D15-AA95-8A6B69862573}"
EndProject
Global
	GlobalSection(SolutionConfigurationPlatforms) = preSolution
		Debug|Any CPU = Debug|Any CPU
		Release|Any CPU = Release|Any CPU
	EndGlobalSection
	GlobalSection(ProjectConfigurationPlatforms) = postSolution
		{6FC05534-0C0C-46C0-B720-1472AE72E6CF}.Debug|Any CPU.ActiveCfg = Debug|Any CPU
		{6FC05534-0C0C-46C0-B720-1472AE72E6CF}.Debug|Any CPU.Build.0 = Debug|Any CPU
		{6FC05534-0C0C-46C0-B720-1472AE72E6CF}.Release|Any CPU.ActiveCfg = Release|Any CPU
		{6FC05534-0C0C-46C0-B720-1472AE72E6CF}.Release|Any CPU.Build.0 = Release|Any CPU
		{1463D2DC-3EAB-4D15-AA95-8A6B69862573}.Debug|Any CPU.ActiveCfg = Debug|Any CPU
		{1463D2DC-3EAB-4D15-AA95-8A6B69862573}.Debug|Any CPU.Build.0 = Debug|Any CPU
		{1463D2DC-3EAB-4D15-AA95-8A6B69862573}.Release|Any CPU.ActiveCfg = Release|Any CPU
		{1463D2DC-3EAB-4D15-AA95-8A6B69862573}.Release|Any CPU.Build.0 = Release|Any CPU
	EndGlobalSection
	GlobalSection(SolutionProperties) = preSolution
		HideSolutionNode = FALSE
	EndGlobalSection
	GlobalSection(ExtensibilityGlobals) = postSolution
		SolutionGuid = {3C6E8610-ECBC-49C9-8EF4-AB03712ADE0F}
	EndGlobalSection
EndGlobal
